
Microsoft Visual Studio Solution File, Format Version 12.00
# Visual Studio Version 17
VisualStudioVersion = 17.2.32526.322
MinimumVisualStudioVersion = 10.0.40219.1
Project("{FAE04EC0-301F-11D3-BF4B-00C04F79EFBC}") = "Problema_sem_POO", "Problema_sem_POO\Problema_sem_POO.csproj", "{6F6140FD-EC0D-4A42-AF40-59926D76354D}"
EndProject
Global
	GlobalSection(SolutionConfigurationPlatforms) = preSolution
		Debug|Any CPU = Debug|Any CPU
		Release|Any CPU = Release|Any CPU
	EndGlobalSection
	GlobalSection(ProjectConfigurationPlatforms) = postSolution
		{6F6140FD-EC0D-4A42-AF40-59926D76354D}.Debug|Any CPU.ActiveCfg = Debug|Any CPU
		{6F6140FD-EC0D-4A42-AF40-59926D76354D}.Debug|Any CPU.Build.0 = Debug|Any CPU
		{6F6140FD-EC0D-4A42-AF40-59926D76354D}.Release|Any CPU.ActiveCfg = Release|Any CPU
		{6F6140FD-EC0D-4A42-AF40-59926D76354D}.Release|Any CPU.Build.0 = Release|Any CPU
	EndGlobalSection
	GlobalSection(SolutionProperties) = preSolution
		HideSolutionNode = FALSE
	EndGlobalSection
	GlobalSection(ExtensibilityGlobals) = postSolution
		SolutionGuid = {351CC682-895F-4D40-98A3-40EAD1465F4C}
	EndGlobalSection
EndGlobal
