
Microsoft Visual Studio Solution File, Format Version 12.00
# Visual Studio Version 17
VisualStudioVersion = 17.0.32014.148
MinimumVisualStudioVersion = 10.0.40219.1
Project("{FAE04EC0-301F-11D3-BF4B-00C04F79EFBC}") = "Funcoes", "Funcoes\Funcoes.csproj", "{157B929A-7F35-4D4C-9D51-93DD33674D04}"
EndProject
Global
	GlobalSection(SolutionConfigurationPlatforms) = preSolution
		Debug|Any CPU = Debug|Any CPU
		Release|Any CPU = Release|Any CPU
	EndGlobalSection
	GlobalSection(ProjectConfigurationPlatforms) = postSolution
		{157B929A-7F35-4D4C-9D51-93DD33674D04}.Debug|Any CPU.ActiveCfg = Debug|Any CPU
		{157B929A-7F35-4D4C-9D51-93DD33674D04}.Debug|Any CPU.Build.0 = Debug|Any CPU
		{157B929A-7F35-4D4C-9D51-93DD33674D04}.Release|Any CPU.ActiveCfg = Release|Any CPU
		{157B929A-7F35-4D4C-9D51-93DD33674D04}.Release|Any CPU.Build.0 = Release|Any CPU
	EndGlobalSection
	GlobalSection(SolutionProperties) = preSolution
		HideSolutionNode = FALSE
	EndGlobalSection
	GlobalSection(ExtensibilityGlobals) = postSolution
		SolutionGuid = {56622722-8D61-4E1F-B962-E457DF183B75}
	EndGlobalSection
EndGlobal
